
Microsoft Visual Studio Solution File, Format Version 12.00
# Visual Studio Version 17
VisualStudioVersion = 17.0.31903.59
MinimumVisualStudioVersion = 10.0.40219.1
Project("{2150E333-8FDC-42A3-9474-1A3956D46DE8}") = "Src", "Src", "{827E0CD3-B72D-47B6-A68D-7590B98EB39B}"
	ProjectSection(SolutionItems) = preProject
		Src\Directory.Build.props = Src\Directory.Build.props
	EndProjectSection
EndProject
Project("{FAE04EC0-301F-11D3-BF4B-00C04F79EFBC}") = "EasyValidate.Abstractions", "Src\EasyValidate.Abstractions\EasyValidate.Abstractions.csproj", "{4D194896-3139-4CF7-AB10-164733FC5A5F}"
EndProject
Project("{FAE04EC0-301F-11D3-BF4B-00C04F79EFBC}") = "EasyValidate.Fixers", "Src\EasyValidate.Fixers\EasyValidate.Fixers.csproj", "{E7E5406E-1350-44C3-9114-2EF154D7799F}"
EndProject
Project("{2150E333-8FDC-42A3-9474-1A3956D46DE8}") = "Test", "Test", "{0C88DD14-F956-CE84-757C-A364CCF449FC}"
EndProject
Project("{FAE04EC0-301F-11D3-BF4B-00C04F79EFBC}") = "ConsoleTest", "Test\ConsoleTest\ConsoleTest.csproj", "{8BD5478F-A4ED-402D-AF01-63278025D970}"
EndProject
Project("{FAE04EC0-301F-11D3-BF4B-00C04F79EFBC}") = "UnitTest", "Test\UnitTest\UnitTest.csproj", "{CB39C6EB-71E6-4C5A-97D7-4364B6842CB6}"
EndProject
Project("{FAE04EC0-301F-11D3-BF4B-00C04F79EFBC}") = "EasyValidate.Attributes", "Src\EasyValidate.Attributes\EasyValidate.Attributes.csproj", "{A66F9609-A780-48E9-987C-1A803E31A84A}"
EndProject
Project("{FAE04EC0-301F-11D3-BF4B-00C04F79EFBC}") = "EasyValidate.Generator", "Src\EasyValidate.Generator\EasyValidate.Generator.csproj", "{7EEC97AD-D110-4F55-B670-0DD7C65ABBAA}"
EndProject
Project("{FAE04EC0-301F-11D3-BF4B-00C04F79EFBC}") = "EasyValidate", "Src\EasyValidate\EasyValidate.csproj", "{A009E840-F538-420E-AAC2-686C4A188179}"
EndProject
Global
	GlobalSection(SolutionConfigurationPlatforms) = preSolution
		Debug|Any CPU = Debug|Any CPU
		Debug|x64 = Debug|x64
		Debug|x86 = Debug|x86
		Release|Any CPU = Release|Any CPU
		Release|x64 = Release|x64
		Release|x86 = Release|x86
	EndGlobalSection
	GlobalSection(ProjectConfigurationPlatforms) = postSolution
		{4D194896-3139-4CF7-AB10-164733FC5A5F}.Debug|Any CPU.ActiveCfg = Debug|Any CPU
		{4D194896-3139-4CF7-AB10-164733FC5A5F}.Debug|Any CPU.Build.0 = Debug|Any CPU
		{4D194896-3139-4CF7-AB10-164733FC5A5F}.Debug|x64.ActiveCfg = Debug|Any CPU
		{4D194896-3139-4CF7-AB10-164733FC5A5F}.Debug|x64.Build.0 = Debug|Any CPU
		{4D194896-3139-4CF7-AB10-164733FC5A5F}.Debug|x86.ActiveCfg = Debug|Any CPU
		{4D194896-3139-4CF7-AB10-164733FC5A5F}.Debug|x86.Build.0 = Debug|Any CPU
		{4D194896-3139-4CF7-AB10-164733FC5A5F}.Release|Any CPU.ActiveCfg = Release|Any CPU
		{4D194896-3139-4CF7-AB10-164733FC5A5F}.Release|Any CPU.Build.0 = Release|Any CPU
		{4D194896-3139-4CF7-AB10-164733FC5A5F}.Release|x64.ActiveCfg = Release|Any CPU
		{4D194896-3139-4CF7-AB10-164733FC5A5F}.Release|x64.Build.0 = Release|Any CPU
		{4D194896-3139-4CF7-AB10-164733FC5A5F}.Release|x86.ActiveCfg = Release|Any CPU
		{4D194896-3139-4CF7-AB10-164733FC5A5F}.Release|x86.Build.0 = Release|Any CPU
		{E7E5406E-1350-44C3-9114-2EF154D7799F}.Debug|Any CPU.ActiveCfg = Debug|Any CPU
		{E7E5406E-1350-44C3-9114-2EF154D7799F}.Debug|Any CPU.Build.0 = Debug|Any CPU
		{E7E5406E-1350-44C3-9114-2EF154D7799F}.Debug|x64.ActiveCfg = Debug|Any CPU
		{E7E5406E-1350-44C3-9114-2EF154D7799F}.Debug|x64.Build.0 = Debug|Any CPU
		{E7E5406E-1350-44C3-9114-2EF154D7799F}.Debug|x86.ActiveCfg = Debug|Any CPU
		{E7E5406E-1350-44C3-9114-2EF154D7799F}.Debug|x86.Build.0 = Debug|Any CPU
		{E7E5406E-1350-44C3-9114-2EF154D7799F}.Release|Any CPU.ActiveCfg = Release|Any CPU
		{E7E5406E-1350-44C3-9114-2EF154D7799F}.Release|Any CPU.Build.0 = Release|Any CPU
		{E7E5406E-1350-44C3-9114-2EF154D7799F}.Release|x64.ActiveCfg = Release|Any CPU
		{E7E5406E-1350-44C3-9114-2EF154D7799F}.Release|x64.Build.0 = Release|Any CPU
		{E7E5406E-1350-44C3-9114-2EF154D7799F}.Release|x86.ActiveCfg = Release|Any CPU
		{E7E5406E-1350-44C3-9114-2EF154D7799F}.Release|x86.Build.0 = Release|Any CPU
		{8BD5478F-A4ED-402D-AF01-63278025D970}.Debug|Any CPU.ActiveCfg = Debug|Any CPU
		{8BD5478F-A4ED-402D-AF01-63278025D970}.Debug|Any CPU.Build.0 = Debug|Any CPU
		{8BD5478F-A4ED-402D-AF01-63278025D970}.Debug|x64.ActiveCfg = Debug|Any CPU
		{8BD5478F-A4ED-402D-AF01-63278025D970}.Debug|x64.Build.0 = Debug|Any CPU
		{8BD5478F-A4ED-402D-AF01-63278025D970}.Debug|x86.ActiveCfg = Debug|Any CPU
		{8BD5478F-A4ED-402D-AF01-63278025D970}.Debug|x86.Build.0 = Debug|Any CPU
		{8BD5478F-A4ED-402D-AF01-63278025D970}.Release|Any CPU.ActiveCfg = Release|Any CPU
		{8BD5478F-A4ED-402D-AF01-63278025D970}.Release|Any CPU.Build.0 = Release|Any CPU
		{8BD5478F-A4ED-402D-AF01-63278025D970}.Release|x64.ActiveCfg = Release|Any CPU
		{8BD5478F-A4ED-402D-AF01-63278025D970}.Release|x64.Build.0 = Release|Any CPU
		{8BD5478F-A4ED-402D-AF01-63278025D970}.Release|x86.ActiveCfg = Release|Any CPU
		{8BD5478F-A4ED-402D-AF01-63278025D970}.Release|x86.Build.0 = Release|Any CPU
		{CB39C6EB-71E6-4C5A-97D7-4364B6842CB6}.Debug|Any CPU.ActiveCfg = Debug|Any CPU
		{CB39C6EB-71E6-4C5A-97D7-4364B6842CB6}.Debug|Any CPU.Build.0 = Debug|Any CPU
		{CB39C6EB-71E6-4C5A-97D7-4364B6842CB6}.Debug|x64.ActiveCfg = Debug|Any CPU
		{CB39C6EB-71E6-4C5A-97D7-4364B6842CB6}.Debug|x64.Build.0 = Debug|Any CPU
		{CB39C6EB-71E6-4C5A-97D7-4364B6842CB6}.Debug|x86.ActiveCfg = Debug|Any CPU
		{CB39C6EB-71E6-4C5A-97D7-4364B6842CB6}.Debug|x86.Build.0 = Debug|Any CPU
		{CB39C6EB-71E6-4C5A-97D7-4364B6842CB6}.Release|Any CPU.ActiveCfg = Release|Any CPU
		{CB39C6EB-71E6-4C5A-97D7-4364B6842CB6}.Release|Any CPU.Build.0 = Release|Any CPU
		{CB39C6EB-71E6-4C5A-97D7-4364B6842CB6}.Release|x64.ActiveCfg = Release|Any CPU
		{CB39C6EB-71E6-4C5A-97D7-4364B6842CB6}.Release|x64.Build.0 = Release|Any CPU
		{CB39C6EB-71E6-4C5A-97D7-4364B6842CB6}.Release|x86.ActiveCfg = Release|Any CPU
		{CB39C6EB-71E6-4C5A-97D7-4364B6842CB6}.Release|x86.Build.0 = Release|Any CPU
		{A66F9609-A780-48E9-987C-1A803E31A84A}.Debug|Any CPU.ActiveCfg = Debug|Any CPU
		{A66F9609-A780-48E9-987C-1A803E31A84A}.Debug|Any CPU.Build.0 = Debug|Any CPU
		{A66F9609-A780-48E9-987C-1A803E31A84A}.Debug|x64.ActiveCfg = Debug|Any CPU
		{A66F9609-A780-48E9-987C-1A803E31A84A}.Debug|x64.Build.0 = Debug|Any CPU
		{A66F9609-A780-48E9-987C-1A803E31A84A}.Debug|x86.ActiveCfg = Debug|Any CPU
		{A66F9609-A780-48E9-987C-1A803E31A84A}.Debug|x86.Build.0 = Debug|Any CPU
		{A66F9609-A780-48E9-987C-1A803E31A84A}.Release|Any CPU.ActiveCfg = Release|Any CPU
		{A66F9609-A780-48E9-987C-1A803E31A84A}.Release|Any CPU.Build.0 = Release|Any CPU
		{A66F9609-A780-48E9-987C-1A803E31A84A}.Release|x64.ActiveCfg = Release|Any CPU
		{A66F9609-A780-48E9-987C-1A803E31A84A}.Release|x64.Build.0 = Release|Any CPU
		{A66F9609-A780-48E9-987C-1A803E31A84A}.Release|x86.ActiveCfg = Release|Any CPU
		{A66F9609-A780-48E9-987C-1A803E31A84A}.Release|x86.Build.0 = Release|Any CPU
		{7EEC97AD-D110-4F55-B670-0DD7C65ABBAA}.Debug|Any CPU.ActiveCfg = Debug|Any CPU
		{7EEC97AD-D110-4F55-B670-0DD7C65ABBAA}.Debug|Any CPU.Build.0 = Debug|Any CPU
		{7EEC97AD-D110-4F55-B670-0DD7C65ABBAA}.Debug|x64.ActiveCfg = Debug|Any CPU
		{7EEC97AD-D110-4F55-B670-0DD7C65ABBAA}.Debug|x64.Build.0 = Debug|Any CPU
		{7EEC97AD-D110-4F55-B670-0DD7C65ABBAA}.Debug|x86.ActiveCfg = Debug|Any CPU
		{7EEC97AD-D110-4F55-B670-0DD7C65ABBAA}.Debug|x86.Build.0 = Debug|Any CPU
		{7EEC97AD-D110-4F55-B670-0DD7C65ABBAA}.Release|Any CPU.ActiveCfg = Release|Any CPU
		{7EEC97AD-D110-4F55-B670-0DD7C65ABBAA}.Release|Any CPU.Build.0 = Release|Any CPU
		{7EEC97AD-D110-4F55-B670-0DD7C65ABBAA}.Release|x64.ActiveCfg = Release|Any CPU
		{7EEC97AD-D110-4F55-B670-0DD7C65ABBAA}.Release|x64.Build.0 = Release|Any CPU
		{7EEC97AD-D110-4F55-B670-0DD7C65ABBAA}.Release|x86.ActiveCfg = Release|Any CPU
		{7EEC97AD-D110-4F55-B670-0DD7C65ABBAA}.Release|x86.Build.0 = Release|Any CPU
		{A009E840-F538-420E-AAC2-686C4A188179}.Debug|Any CPU.ActiveCfg = Debug|Any CPU
		{A009E840-F538-420E-AAC2-686C4A188179}.Debug|Any CPU.Build.0 = Debug|Any CPU
		{A009E840-F538-420E-AAC2-686C4A188179}.Debug|x64.ActiveCfg = Debug|Any CPU
		{A009E840-F538-420E-AAC2-686C4A188179}.Debug|x64.Build.0 = Debug|Any CPU
		{A009E840-F538-420E-AAC2-686C4A188179}.Debug|x86.ActiveCfg = Debug|Any CPU
		{A009E840-F538-420E-AAC2-686C4A188179}.Debug|x86.Build.0 = Debug|Any CPU
		{A009E840-F538-420E-AAC2-686C4A188179}.Release|Any CPU.ActiveCfg = Release|Any CPU
		{A009E840-F538-420E-AAC2-686C4A188179}.Release|Any CPU.Build.0 = Release|Any CPU
		{A009E840-F538-420E-AAC2-686C4A188179}.Release|x64.ActiveCfg = Release|Any CPU
		{A009E840-F538-420E-AAC2-686C4A188179}.Release|x64.Build.0 = Release|Any CPU
		{A009E840-F538-420E-AAC2-686C4A188179}.Release|x86.ActiveCfg = Release|Any CPU
		{A009E840-F538-420E-AAC2-686C4A188179}.Release|x86.Build.0 = Release|Any CPU
	EndGlobalSection
	GlobalSection(SolutionProperties) = preSolution
		HideSolutionNode = FALSE
	EndGlobalSection
	GlobalSection(NestedProjects) = preSolution
		{4D194896-3139-4CF7-AB10-164733FC5A5F} = {827E0CD3-B72D-47B6-A68D-7590B98EB39B}
		{E7E5406E-1350-44C3-9114-2EF154D7799F} = {827E0CD3-B72D-47B6-A68D-7590B98EB39B}
		{8BD5478F-A4ED-402D-AF01-63278025D970} = {0C88DD14-F956-CE84-757C-A364CCF449FC}
		{CB39C6EB-71E6-4C5A-97D7-4364B6842CB6} = {0C88DD14-F956-CE84-757C-A364CCF449FC}
		{A66F9609-A780-48E9-987C-1A803E31A84A} = {827E0CD3-B72D-47B6-A68D-7590B98EB39B}
		{7EEC97AD-D110-4F55-B670-0DD7C65ABBAA} = {827E0CD3-B72D-47B6-A68D-7590B98EB39B}
		{A009E840-F538-420E-AAC2-686C4A188179} = {827E0CD3-B72D-47B6-A68D-7590B98EB39B}
	EndGlobalSection
EndGlobal
